
Microsoft Visual Studio Solution File, Format Version 12.00
# Visual Studio Version 16
VisualStudioVersion = 16.0.29209.62
MinimumVisualStudioVersion = 10.0.40219.1
Project("{FAE04EC0-301F-11D3-BF4B-00C04F79EFBC}") = "StopWatchApp", "StopWatchApp\StopWatchApp\StopWatchApp.csproj", "{02E9D66B-95A9-45AD-A89F-8BB1C1EB6696}"
EndProject
Project("{FAE04EC0-301F-11D3-BF4B-00C04F79EFBC}") = "StopWatchApp.Android", "StopWatchApp\StopWatchApp.Android\StopWatchApp.Android.csproj", "{0705104D-C403-4D5F-954E-1AFF93C72378}"
EndProject
Project("{FAE04EC0-301F-11D3-BF4B-00C04F79EFBC}") = "StopWatchApp.iOS", "StopWatchApp\StopWatchApp.iOS\StopWatchApp.iOS.csproj", "{B325781A-1566-4FF3-B386-640903C1FFFE}"
EndProject
Project("{FAE04EC0-301F-11D3-BF4B-00C04F79EFBC}") = "StopWatchApp.UWP", "StopWatchApp\StopWatchApp.UWP\StopWatchApp.UWP.csproj", "{1A27F904-5936-4C85-BF77-D791DC352C39}"
EndProject
Global
	GlobalSection(SolutionConfigurationPlatforms) = preSolution
		Ad-Hoc|Any CPU = Ad-Hoc|Any CPU
		Ad-Hoc|ARM = Ad-Hoc|ARM
		Ad-Hoc|iPhone = Ad-Hoc|iPhone
		Ad-Hoc|iPhoneSimulator = Ad-Hoc|iPhoneSimulator
		Ad-Hoc|x64 = Ad-Hoc|x64
		Ad-Hoc|x86 = Ad-Hoc|x86
		AppStore|Any CPU = AppStore|Any CPU
		AppStore|ARM = AppStore|ARM
		AppStore|iPhone = AppStore|iPhone
		AppStore|iPhoneSimulator = AppStore|iPhoneSimulator
		AppStore|x64 = AppStore|x64
		AppStore|x86 = AppStore|x86
		Debug|Any CPU = Debug|Any CPU
		Debug|ARM = Debug|ARM
		Debug|iPhone = Debug|iPhone
		Debug|iPhoneSimulator = Debug|iPhoneSimulator
		Debug|x64 = Debug|x64
		Debug|x86 = Debug|x86
		Release|Any CPU = Release|Any CPU
		Release|ARM = Release|ARM
		Release|iPhone = Release|iPhone
		Release|iPhoneSimulator = Release|iPhoneSimulator
		Release|x64 = Release|x64
		Release|x86 = Release|x86
	EndGlobalSection
	GlobalSection(ProjectConfigurationPlatforms) = postSolution
		{02E9D66B-95A9-45AD-A89F-8BB1C1EB6696}.Ad-Hoc|Any CPU.ActiveCfg = Debug|Any CPU
		{02E9D66B-95A9-45AD-A89F-8BB1C1EB6696}.Ad-Hoc|Any CPU.Build.0 = Debug|Any CPU
		{02E9D66B-95A9-45AD-A89F-8BB1C1EB6696}.Ad-Hoc|ARM.ActiveCfg = Debug|Any CPU
		{02E9D66B-95A9-45AD-A89F-8BB1C1EB6696}.Ad-Hoc|ARM.Build.0 = Debug|Any CPU
		{02E9D66B-95A9-45AD-A89F-8BB1C1EB6696}.Ad-Hoc|iPhone.ActiveCfg = Debug|Any CPU
		{02E9D66B-95A9-45AD-A89F-8BB1C1EB6696}.Ad-Hoc|iPhone.Build.0 = Debug|Any CPU
		{02E9D66B-95A9-45AD-A89F-8BB1C1EB6696}.Ad-Hoc|iPhoneSimulator.ActiveCfg = Debug|Any CPU
		{02E9D66B-95A9-45AD-A89F-8BB1C1EB6696}.Ad-Hoc|iPhoneSimulator.Build.0 = Debug|Any CPU
		{02E9D66B-95A9-45AD-A89F-8BB1C1EB6696}.Ad-Hoc|x64.ActiveCfg = Debug|Any CPU
		{02E9D66B-95A9-45AD-A89F-8BB1C1EB6696}.Ad-Hoc|x64.Build.0 = Debug|Any CPU
		{02E9D66B-95A9-45AD-A89F-8BB1C1EB6696}.Ad-Hoc|x86.ActiveCfg = Debug|Any CPU
		{02E9D66B-95A9-45AD-A89F-8BB1C1EB6696}.Ad-Hoc|x86.Build.0 = Debug|Any CPU
		{02E9D66B-95A9-45AD-A89F-8BB1C1EB6696}.AppStore|Any CPU.ActiveCfg = Debug|Any CPU
		{02E9D66B-95A9-45AD-A89F-8BB1C1EB6696}.AppStore|Any CPU.Build.0 = Debug|Any CPU
		{02E9D66B-95A9-45AD-A89F-8BB1C1EB6696}.AppStore|ARM.ActiveCfg = Debug|Any CPU
		{02E9D66B-95A9-45AD-A89F-8BB1C1EB6696}.AppStore|ARM.Build.0 = Debug|Any CPU
		{02E9D66B-95A9-45AD-A89F-8BB1C1EB6696}.AppStore|iPhone.ActiveCfg = Debug|Any CPU
		{02E9D66B-95A9-45AD-A89F-8BB1C1EB6696}.AppStore|iPhone.Build.0 = Debug|Any CPU
		{02E9D66B-95A9-45AD-A89F-8BB1C1EB6696}.AppStore|iPhoneSimulator.ActiveCfg = Debug|Any CPU
		{02E9D66B-95A9-45AD-A89F-8BB1C1EB6696}.AppStore|iPhoneSimulator.Build.0 = Debug|Any CPU
		{02E9D66B-95A9-45AD-A89F-8BB1C1EB6696}.AppStore|x64.ActiveCfg = Debug|Any CPU
		{02E9D66B-95A9-45AD-A89F-8BB1C1EB6696}.AppStore|x64.Build.0 = Debug|Any CPU
		{02E9D66B-95A9-45AD-A89F-8BB1C1EB6696}.AppStore|x86.ActiveCfg = Debug|Any CPU
		{02E9D66B-95A9-45AD-A89F-8BB1C1EB6696}.AppStore|x86.Build.0 = Debug|Any CPU
		{02E9D66B-95A9-45AD-A89F-8BB1C1EB6696}.Debug|Any CPU.ActiveCfg = Debug|Any CPU
		{02E9D66B-95A9-45AD-A89F-8BB1C1EB6696}.Debug|Any CPU.Build.0 = Debug|Any CPU
		{02E9D66B-95A9-45AD-A89F-8BB1C1EB6696}.Debug|ARM.ActiveCfg = Debug|Any CPU
		{02E9D66B-95A9-45AD-A89F-8BB1C1EB6696}.Debug|ARM.Build.0 = Debug|Any CPU
		{02E9D66B-95A9-45AD-A89F-8BB1C1EB6696}.Debug|iPhone.ActiveCfg = Debug|Any CPU
		{02E9D66B-95A9-45AD-A89F-8BB1C1EB6696}.Debug|iPhone.Build.0 = Debug|Any CPU
		{02E9D66B-95A9-45AD-A89F-8BB1C1EB6696}.Debug|iPhoneSimulator.ActiveCfg = Debug|Any CPU
		{02E9D66B-95A9-45AD-A89F-8BB1C1EB6696}.Debug|iPhoneSimulator.Build.0 = Debug|Any CPU
		{02E9D66B-95A9-45AD-A89F-8BB1C1EB6696}.Debug|x64.ActiveCfg = Debug|Any CPU
		{02E9D66B-95A9-45AD-A89F-8BB1C1EB6696}.Debug|x64.Build.0 = Debug|Any CPU
		{02E9D66B-95A9-45AD-A89F-8BB1C1EB6696}.Debug|x86.ActiveCfg = Debug|Any CPU
		{02E9D66B-95A9-45AD-A89F-8BB1C1EB6696}.Debug|x86.Build.0 = Debug|Any CPU
		{02E9D66B-95A9-45AD-A89F-8BB1C1EB6696}.Release|Any CPU.ActiveCfg = Release|Any CPU
		{02E9D66B-95A9-45AD-A89F-8BB1C1EB6696}.Release|Any CPU.Build.0 = Release|Any CPU
		{02E9D66B-95A9-45AD-A89F-8BB1C1EB6696}.Release|ARM.ActiveCfg = Release|Any CPU
		{02E9D66B-95A9-45AD-A89F-8BB1C1EB6696}.Release|ARM.Build.0 = Release|Any CPU
		{02E9D66B-95A9-45AD-A89F-8BB1C1EB6696}.Release|iPhone.ActiveCfg = Release|Any CPU
		{02E9D66B-95A9-45AD-A89F-8BB1C1EB6696}.Release|iPhone.Build.0 = Release|Any CPU
		{02E9D66B-95A9-45AD-A89F-8BB1C1EB6696}.Release|iPhoneSimulator.ActiveCfg = Release|Any CPU
		{02E9D66B-95A9-45AD-A89F-8BB1C1EB6696}.Release|iPhoneSimulator.Build.0 = Release|Any CPU
		{02E9D66B-95A9-45AD-A89F-8BB1C1EB6696}.Release|x64.ActiveCfg = Release|Any CPU
		{02E9D66B-95A9-45AD-A89F-8BB1C1EB6696}.Release|x64.Build.0 = Release|Any CPU
		{02E9D66B-95A9-45AD-A89F-8BB1C1EB6696}.Release|x86.ActiveCfg = Release|Any CPU
		{02E9D66B-95A9-45AD-A89F-8BB1C1EB6696}.Release|x86.Build.0 = Release|Any CPU
		{0705104D-C403-4D5F-954E-1AFF93C72378}.Ad-Hoc|Any CPU.ActiveCfg = Release|Any CPU
		{0705104D-C403-4D5F-954E-1AFF93C72378}.Ad-Hoc|Any CPU.Build.0 = Release|Any CPU
		{0705104D-C403-4D5F-954E-1AFF93C72378}.Ad-Hoc|Any CPU.Deploy.0 = Release|Any CPU
		{0705104D-C403-4D5F-954E-1AFF93C72378}.Ad-Hoc|ARM.ActiveCfg = Release|Any CPU
		{0705104D-C403-4D5F-954E-1AFF93C72378}.Ad-Hoc|ARM.Build.0 = Release|Any CPU
		{0705104D-C403-4D5F-954E-1AFF93C72378}.Ad-Hoc|ARM.Deploy.0 = Release|Any CPU
		{0705104D-C403-4D5F-954E-1AFF93C72378}.Ad-Hoc|iPhone.ActiveCfg = Release|Any CPU
		{0705104D-C403-4D5F-954E-1AFF93C72378}.Ad-Hoc|iPhone.Build.0 = Release|Any CPU
		{0705104D-C403-4D5F-954E-1AFF93C72378}.Ad-Hoc|iPhone.Deploy.0 = Release|Any CPU
		{0705104D-C403-4D5F-954E-1AFF93C72378}.Ad-Hoc|iPhoneSimulator.ActiveCfg = Release|Any CPU
		{0705104D-C403-4D5F-954E-1AFF93C72378}.Ad-Hoc|iPhoneSimulator.Build.0 = Release|Any CPU
		{0705104D-C403-4D5F-954E-1AFF93C72378}.Ad-Hoc|iPhoneSimulator.Deploy.0 = Release|Any CPU
		{0705104D-C403-4D5F-954E-1AFF93C72378}.Ad-Hoc|x64.ActiveCfg = Release|Any CPU
		{0705104D-C403-4D5F-954E-1AFF93C72378}.Ad-Hoc|x64.Build.0 = Release|Any CPU
		{0705104D-C403-4D5F-954E-1AFF93C72378}.Ad-Hoc|x64.Deploy.0 = Release|Any CPU
		{0705104D-C403-4D5F-954E-1AFF93C72378}.Ad-Hoc|x86.ActiveCfg = Release|Any CPU
		{0705104D-C403-4D5F-954E-1AFF93C72378}.Ad-Hoc|x86.Build.0 = Release|Any CPU
		{0705104D-C403-4D5F-954E-1AFF93C72378}.Ad-Hoc|x86.Deploy.0 = Release|Any CPU
		{0705104D-C403-4D5F-954E-1AFF93C72378}.AppStore|Any CPU.ActiveCfg = Release|Any CPU
		{0705104D-C403-4D5F-954E-1AFF93C72378}.AppStore|Any CPU.Build.0 = Release|Any CPU
		{0705104D-C403-4D5F-954E-1AFF93C72378}.AppStore|Any CPU.Deploy.0 = Release|Any CPU
		{0705104D-C403-4D5F-954E-1AFF93C72378}.AppStore|ARM.ActiveCfg = Release|Any CPU
		{0705104D-C403-4D5F-954E-1AFF93C72378}.AppStore|ARM.Build.0 = Release|Any CPU
		{0705104D-C403-4D5F-954E-1AFF93C72378}.AppStore|ARM.Deploy.0 = Release|Any CPU
		{0705104D-C403-4D5F-954E-1AFF93C72378}.AppStore|iPhone.ActiveCfg = Release|Any CPU
		{0705104D-C403-4D5F-954E-1AFF93C72378}.AppStore|iPhone.Build.0 = Release|Any CPU
		{0705104D-C403-4D5F-954E-1AFF93C72378}.AppStore|iPhone.Deploy.0 = Release|Any CPU
		{0705104D-C403-4D5F-954E-1AFF93C72378}.AppStore|iPhoneSimulator.ActiveCfg = Release|Any CPU
		{0705104D-C403-4D5F-954E-1AFF93C72378}.AppStore|iPhoneSimulator.Build.0 = Release|Any CPU
		{0705104D-C403-4D5F-954E-1AFF93C72378}.AppStore|iPhoneSimulator.Deploy.0 = Release|Any CPU
		{0705104D-C403-4D5F-954E-1AFF93C72378}.AppStore|x64.ActiveCfg = Release|Any CPU
		{0705104D-C403-4D5F-954E-1AFF93C72378}.AppStore|x64.Build.0 = Release|Any CPU
		{0705104D-C403-4D5F-954E-1AFF93C72378}.AppStore|x64.Deploy.0 = Release|Any CPU
		{0705104D-C403-4D5F-954E-1AFF93C72378}.AppStore|x86.ActiveCfg = Release|Any CPU
		{0705104D-C403-4D5F-954E-1AFF93C72378}.AppStore|x86.Build.0 = Release|Any CPU
		{0705104D-C403-4D5F-954E-1AFF93C72378}.AppStore|x86.Deploy.0 = Release|Any CPU
		{0705104D-C403-4D5F-954E-1AFF93C72378}.Debug|Any CPU.ActiveCfg = Debug|Any CPU
		{0705104D-C403-4D5F-954E-1AFF93C72378}.Debug|Any CPU.Build.0 = Debug|Any CPU
		{0705104D-C403-4D5F-954E-1AFF93C72378}.Debug|Any CPU.Deploy.0 = Debug|Any CPU
		{0705104D-C403-4D5F-954E-1AFF93C72378}.Debug|ARM.ActiveCfg = Debug|Any CPU
		{0705104D-C403-4D5F-954E-1AFF93C72378}.Debug|ARM.Build.0 = Debug|Any CPU
		{0705104D-C403-4D5F-954E-1AFF93C72378}.Debug|ARM.Deploy.0 = Debug|Any CPU
		{0705104D-C403-4D5F-954E-1AFF93C72378}.Debug|iPhone.ActiveCfg = Debug|Any CPU
		{0705104D-C403-4D5F-954E-1AFF93C72378}.Debug|iPhone.Build.0 = Debug|Any CPU
		{0705104D-C403-4D5F-954E-1AFF93C72378}.Debug|iPhone.Deploy.0 = Debug|Any CPU
		{0705104D-C403-4D5F-954E-1AFF93C72378}.Debug|iPhoneSimulator.ActiveCfg = Debug|Any CPU
		{0705104D-C403-4D5F-954E-1AFF93C72378}.Debug|iPhoneSimulator.Build.0 = Debug|Any CPU
		{0705104D-C403-4D5F-954E-1AFF93C72378}.Debug|iPhoneSimulator.Deploy.0 = Debug|Any CPU
		{0705104D-C403-4D5F-954E-1AFF93C72378}.Debug|x64.ActiveCfg = Debug|Any CPU
		{0705104D-C403-4D5F-954E-1AFF93C72378}.Debug|x64.Build.0 = Debug|Any CPU
		{0705104D-C403-4D5F-954E-1AFF93C72378}.Debug|x64.Deploy.0 = Debug|Any CPU
		{0705104D-C403-4D5F-954E-1AFF93C72378}.Debug|x86.ActiveCfg = Debug|Any CPU
		{0705104D-C403-4D5F-954E-1AFF93C72378}.Debug|x86.Build.0 = Debug|Any CPU
		{0705104D-C403-4D5F-954E-1AFF93C72378}.Debug|x86.Deploy.0 = Debug|Any CPU
		{0705104D-C403-4D5F-954E-1AFF93C72378}.Release|Any CPU.ActiveCfg = Release|Any CPU
		{0705104D-C403-4D5F-954E-1AFF93C72378}.Release|Any CPU.Build.0 = Release|Any CPU
		{0705104D-C403-4D5F-954E-1AFF93C72378}.Release|Any CPU.Deploy.0 = Release|Any CPU
		{0705104D-C403-4D5F-954E-1AFF93C72378}.Release|ARM.ActiveCfg = Release|Any CPU
		{0705104D-C403-4D5F-954E-1AFF93C72378}.Release|ARM.Build.0 = Release|Any CPU
		{0705104D-C403-4D5F-954E-1AFF93C72378}.Release|ARM.Deploy.0 = Release|Any CPU
		{0705104D-C403-4D5F-954E-1AFF93C72378}.Release|iPhone.ActiveCfg = Release|Any CPU
		{0705104D-C403-4D5F-954E-1AFF93C72378}.Release|iPhone.Build.0 = Release|Any CPU
		{0705104D-C403-4D5F-954E-1AFF93C72378}.Release|iPhone.Deploy.0 = Release|Any CPU
		{0705104D-C403-4D5F-954E-1AFF93C72378}.Release|iPhoneSimulator.ActiveCfg = Release|Any CPU
		{0705104D-C403-4D5F-954E-1AFF93C72378}.Release|iPhoneSimulator.Build.0 = Release|Any CPU
		{0705104D-C403-4D5F-954E-1AFF93C72378}.Release|iPhoneSimulator.Deploy.0 = Release|Any CPU
		{0705104D-C403-4D5F-954E-1AFF93C72378}.Release|x64.ActiveCfg = Release|Any CPU
		{0705104D-C403-4D5F-954E-1AFF93C72378}.Release|x64.Build.0 = Release|Any CPU
		{0705104D-C403-4D5F-954E-1AFF93C72378}.Release|x64.Deploy.0 = Release|Any CPU
		{0705104D-C403-4D5F-954E-1AFF93C72378}.Release|x86.ActiveCfg = Release|Any CPU
		{0705104D-C403-4D5F-954E-1AFF93C72378}.Release|x86.Build.0 = Release|Any CPU
		{0705104D-C403-4D5F-954E-1AFF93C72378}.Release|x86.Deploy.0 = Release|Any CPU
		{B325781A-1566-4FF3-B386-640903C1FFFE}.Ad-Hoc|Any CPU.ActiveCfg = Ad-Hoc|iPhone
		{B325781A-1566-4FF3-B386-640903C1FFFE}.Ad-Hoc|ARM.ActiveCfg = Ad-Hoc|iPhone
		{B325781A-1566-4FF3-B386-640903C1FFFE}.Ad-Hoc|iPhone.ActiveCfg = Ad-Hoc|iPhone
		{B325781A-1566-4FF3-B386-640903C1FFFE}.Ad-Hoc|iPhone.Build.0 = Ad-Hoc|iPhone
		{B325781A-1566-4FF3-B386-640903C1FFFE}.Ad-Hoc|iPhoneSimulator.ActiveCfg = Ad-Hoc|iPhoneSimulator
		{B325781A-1566-4FF3-B386-640903C1FFFE}.Ad-Hoc|iPhoneSimulator.Build.0 = Ad-Hoc|iPhoneSimulator
		{B325781A-1566-4FF3-B386-640903C1FFFE}.Ad-Hoc|x64.ActiveCfg = Ad-Hoc|iPhone
		{B325781A-1566-4FF3-B386-640903C1FFFE}.Ad-Hoc|x86.ActiveCfg = Ad-Hoc|iPhone
		{B325781A-1566-4FF3-B386-640903C1FFFE}.AppStore|Any CPU.ActiveCfg = AppStore|iPhone
		{B325781A-1566-4FF3-B386-640903C1FFFE}.AppStore|ARM.ActiveCfg = AppStore|iPhone
		{B325781A-1566-4FF3-B386-640903C1FFFE}.AppStore|iPhone.ActiveCfg = AppStore|iPhone
		{B325781A-1566-4FF3-B386-640903C1FFFE}.AppStore|iPhone.Build.0 = AppStore|iPhone
		{B325781A-1566-4FF3-B386-640903C1FFFE}.AppStore|iPhoneSimulator.ActiveCfg = AppStore|iPhoneSimulator
		{B325781A-1566-4FF3-B386-640903C1FFFE}.AppStore|iPhoneSimulator.Build.0 = AppStore|iPhoneSimulator
		{B325781A-1566-4FF3-B386-640903C1FFFE}.AppStore|x64.ActiveCfg = AppStore|iPhone
		{B325781A-1566-4FF3-B386-640903C1FFFE}.AppStore|x86.ActiveCfg = AppStore|iPhone
		{B325781A-1566-4FF3-B386-640903C1FFFE}.Debug|Any CPU.ActiveCfg = Debug|iPhone
		{B325781A-1566-4FF3-B386-640903C1FFFE}.Debug|ARM.ActiveCfg = Debug|iPhone
		{B325781A-1566-4FF3-B386-640903C1FFFE}.Debug|iPhone.ActiveCfg = Debug|iPhone
		{B325781A-1566-4FF3-B386-640903C1FFFE}.Debug|iPhone.Build.0 = Debug|iPhone
		{B325781A-1566-4FF3-B386-640903C1FFFE}.Debug|iPhoneSimulator.ActiveCfg = Debug|iPhoneSimulator
		{B325781A-1566-4FF3-B386-640903C1FFFE}.Debug|iPhoneSimulator.Build.0 = Debug|iPhoneSimulator
		{B325781A-1566-4FF3-B386-640903C1FFFE}.Debug|x64.ActiveCfg = Debug|iPhone
		{B325781A-1566-4FF3-B386-640903C1FFFE}.Debug|x86.ActiveCfg = Debug|iPhone
		{B325781A-1566-4FF3-B386-640903C1FFFE}.Release|Any CPU.ActiveCfg = Release|iPhone
		{B325781A-1566-4FF3-B386-640903C1FFFE}.Release|ARM.ActiveCfg = Release|iPhone
		{B325781A-1566-4FF3-B386-640903C1FFFE}.Release|iPhone.ActiveCfg = Release|iPhone
		{B325781A-1566-4FF3-B386-640903C1FFFE}.Release|iPhone.Build.0 = Release|iPhone
		{B325781A-1566-4FF3-B386-640903C1FFFE}.Release|iPhoneSimulator.ActiveCfg = Release|iPhoneSimulator
		{B325781A-1566-4FF3-B386-640903C1FFFE}.Release|iPhoneSimulator.Build.0 = Release|iPhoneSimulator
		{B325781A-1566-4FF3-B386-640903C1FFFE}.Release|x64.ActiveCfg = Release|iPhone
		{B325781A-1566-4FF3-B386-640903C1FFFE}.Release|x86.ActiveCfg = Release|iPhone
		{1A27F904-5936-4C85-BF77-D791DC352C39}.Ad-Hoc|Any CPU.ActiveCfg = Release|x86
		{1A27F904-5936-4C85-BF77-D791DC352C39}.Ad-Hoc|Any CPU.Build.0 = Release|x86
		{1A27F904-5936-4C85-BF77-D791DC352C39}.Ad-Hoc|Any CPU.Deploy.0 = Release|x86
		{1A27F904-5936-4C85-BF77-D791DC352C39}.Ad-Hoc|ARM.ActiveCfg = Release|ARM
		{1A27F904-5936-4C85-BF77-D791DC352C39}.Ad-Hoc|ARM.Build.0 = Release|ARM
		{1A27F904-5936-4C85-BF77-D791DC352C39}.Ad-Hoc|ARM.Deploy.0 = Release|ARM
		{1A27F904-5936-4C85-BF77-D791DC352C39}.Ad-Hoc|iPhone.ActiveCfg = Release|x86
		{1A27F904-5936-4C85-BF77-D791DC352C39}.Ad-Hoc|iPhone.Build.0 = Release|x86
		{1A27F904-5936-4C85-BF77-D791DC352C39}.Ad-Hoc|iPhone.Deploy.0 = Release|x86
		{1A27F904-5936-4C85-BF77-D791DC352C39}.Ad-Hoc|iPhoneSimulator.ActiveCfg = Release|x86
		{1A27F904-5936-4C85-BF77-D791DC352C39}.Ad-Hoc|iPhoneSimulator.Build.0 = Release|x86
		{1A27F904-5936-4C85-BF77-D791DC352C39}.Ad-Hoc|iPhoneSimulator.Deploy.0 = Release|x86
		{1A27F904-5936-4C85-BF77-D791DC352C39}.Ad-Hoc|x64.ActiveCfg = Release|x64
		{1A27F904-5936-4C85-BF77-D791DC352C39}.Ad-Hoc|x64.Build.0 = Release|x64
		{1A27F904-5936-4C85-BF77-D791DC352C39}.Ad-Hoc|x64.Deploy.0 = Release|x64
		{1A27F904-5936-4C85-BF77-D791DC352C39}.Ad-Hoc|x86.ActiveCfg = Release|x86
		{1A27F904-5936-4C85-BF77-D791DC352C39}.Ad-Hoc|x86.Build.0 = Release|x86
		{1A27F904-5936-4C85-BF77-D791DC352C39}.Ad-Hoc|x86.Deploy.0 = Release|x86
		{1A27F904-5936-4C85-BF77-D791DC352C39}.AppStore|Any CPU.ActiveCfg = Release|x86
		{1A27F904-5936-4C85-BF77-D791DC352C39}.AppStore|Any CPU.Build.0 = Release|x86
		{1A27F904-5936-4C85-BF77-D791DC352C39}.AppStore|Any CPU.Deploy.0 = Release|x86
		{1A27F904-5936-4C85-BF77-D791DC352C39}.AppStore|ARM.ActiveCfg = Release|ARM
		{1A27F904-5936-4C85-BF77-D791DC352C39}.AppStore|ARM.Build.0 = Release|ARM
		{1A27F904-5936-4C85-BF77-D791DC352C39}.AppStore|ARM.Deploy.0 = Release|ARM
		{1A27F904-5936-4C85-BF77-D791DC352C39}.AppStore|iPhone.ActiveCfg = Release|x86
		{1A27F904-5936-4C85-BF77-D791DC352C39}.AppStore|iPhone.Build.0 = Release|x86
		{1A27F904-5936-4C85-BF77-D791DC352C39}.AppStore|iPhone.Deploy.0 = Release|x86
		{1A27F904-5936-4C85-BF77-D791DC352C39}.AppStore|iPhoneSimulator.ActiveCfg = Release|x86
		{1A27F904-5936-4C85-BF77-D791DC352C39}.AppStore|iPhoneSimulator.Build.0 = Release|x86
		{1A27F904-5936-4C85-BF77-D791DC352C39}.AppStore|iPhoneSimulator.Deploy.0 = Release|x86
		{1A27F904-5936-4C85-BF77-D791DC352C39}.AppStore|x64.ActiveCfg = Release|x64
		{1A27F904-5936-4C85-BF77-D791DC352C39}.AppStore|x64.Build.0 = Release|x64
		{1A27F904-5936-4C85-BF77-D791DC352C39}.AppStore|x64.Deploy.0 = Release|x64
		{1A27F904-5936-4C85-BF77-D791DC352C39}.AppStore|x86.ActiveCfg = Release|x86
		{1A27F904-5936-4C85-BF77-D791DC352C39}.AppStore|x86.Build.0 = Release|x86
		{1A27F904-5936-4C85-BF77-D791DC352C39}.AppStore|x86.Deploy.0 = Release|x86
		{1A27F904-5936-4C85-BF77-D791DC352C39}.Debug|Any CPU.ActiveCfg = Debug|x86
		{1A27F904-5936-4C85-BF77-D791DC352C39}.Debug|ARM.ActiveCfg = Debug|ARM
		{1A27F904-5936-4C85-BF77-D791DC352C39}.Debug|ARM.Build.0 = Debug|ARM
		{1A27F904-5936-4C85-BF77-D791DC352C39}.Debug|ARM.Deploy.0 = Debug|ARM
		{1A27F904-5936-4C85-BF77-D791DC352C39}.Debug|iPhone.ActiveCfg = Debug|x86
		{1A27F904-5936-4C85-BF77-D791DC352C39}.Debug|iPhoneSimulator.ActiveCfg = Debug|x86
		{1A27F904-5936-4C85-BF77-D791DC352C39}.Debug|x64.ActiveCfg = Debug|x64
		{1A27F904-5936-4C85-BF77-D791DC352C39}.Debug|x64.Build.0 = Debug|x64
		{1A27F904-5936-4C85-BF77-D791DC352C39}.Debug|x64.Deploy.0 = Debug|x64
		{1A27F904-5936-4C85-BF77-D791DC352C39}.Debug|x86.ActiveCfg = Debug|x86
		{1A27F904-5936-4C85-BF77-D791DC352C39}.Debug|x86.Build.0 = Debug|x86
		{1A27F904-5936-4C85-BF77-D791DC352C39}.Debug|x86.Deploy.0 = Debug|x86
		{1A27F904-5936-4C85-BF77-D791DC352C39}.Release|Any CPU.ActiveCfg = Release|x86
		{1A27F904-5936-4C85-BF77-D791DC352C39}.Release|ARM.ActiveCfg = Release|ARM
		{1A27F904-5936-4C85-BF77-D791DC352C39}.Release|ARM.Build.0 = Release|ARM
		{1A27F904-5936-4C85-BF77-D791DC352C39}.Release|ARM.Deploy.0 = Release|ARM
		{1A27F904-5936-4C85-BF77-D791DC352C39}.Release|iPhone.ActiveCfg = Release|x86
		{1A27F904-5936-4C85-BF77-D791DC352C39}.Release|iPhoneSimulator.ActiveCfg = Release|x86
		{1A27F904-5936-4C85-BF77-D791DC352C39}.Release|x64.ActiveCfg = Release|x64
		{1A27F904-5936-4C85-BF77-D791DC352C39}.Release|x64.Build.0 = Release|x64
		{1A27F904-5936-4C85-BF77-D791DC352C39}.Release|x64.Deploy.0 = Release|x64
		{1A27F904-5936-4C85-BF77-D791DC352C39}.Release|x86.ActiveCfg = Release|x86
		{1A27F904-5936-4C85-BF77-D791DC352C39}.Release|x86.Build.0 = Release|x86
		{1A27F904-5936-4C85-BF77-D791DC352C39}.Release|x86.Deploy.0 = Release|x86
	EndGlobalSection
	GlobalSection(SolutionProperties) = preSolution
		HideSolutionNode = FALSE
	EndGlobalSection
	GlobalSection(ExtensibilityGlobals) = postSolution
		SolutionGuid = {06698400-A15B-4FF8-811F-DA7212654A4D}
	EndGlobalSection
EndGlobal
